
Microsoft Visual Studio Solution File, Format Version 12.00
# Visual Studio Version 17
VisualStudioVersion = 17.11.35222.181
MinimumVisualStudioVersion = 10.0.40219.1
Project("{FAE04EC0-301F-11D3-BF4B-00C04F79EFBC}") = "Temperatures", "Temperatures.csproj", "{79471071-9591-4560-B4AF-5E3A49B2DF10}"
EndProject
Global
	GlobalSection(SolutionConfigurationPlatforms) = preSolution
		Debug|Any CPU = Debug|Any CPU
		Release|Any CPU = Release|Any CPU
	EndGlobalSection
	GlobalSection(ProjectConfigurationPlatforms) = postSolution
		{79471071-9591-4560-B4AF-5E3A49B2DF10}.Debug|Any CPU.ActiveCfg = Debug|Any CPU
		{79471071-9591-4560-B4AF-5E3A49B2DF10}.Debug|Any CPU.Build.0 = Debug|Any CPU
		{79471071-9591-4560-B4AF-5E3A49B2DF10}.Release|Any CPU.ActiveCfg = Release|Any CPU
		{79471071-9591-4560-B4AF-5E3A49B2DF10}.Release|Any CPU.Build.0 = Release|Any CPU
	EndGlobalSection
	GlobalSection(SolutionProperties) = preSolution
		HideSolutionNode = FALSE
	EndGlobalSection
	GlobalSection(ExtensibilityGlobals) = postSolution
		SolutionGuid = {0D35A3CF-99ED-40AC-89F1-CC6A2DC86661}
	EndGlobalSection
EndGlobal
